schema: '2.0'
stages:
  load_data:
    cmd: python src/stage_01_load_save.py --config=config/config.yaml
    deps:
    - path: config/config.yaml
      md5: ac0f715b90c05cd01f754747768a5785
      size: 361
    - path: src/stage_01_load_save.py
      md5: 5295fbe6464062b81a0d72f56464b2cf
      size: 984
    - path: src/utils/all_utils.py
      md5: 419c6da19ed34e9ca28b1db29c3dd24d
      size: 539
    outs:
    - path: artifacts/raw_local_dir/data.csv
      md5: 7d814a1bda02145efe703f4e1c01847a
      size: 91999
  split_data:
    cmd: python src/stage_02_train_test_split.py --config=config/config.yaml --params=params.yaml
    deps:
    - path: artifacts/raw_local_dir/data.csv
      md5: 7d814a1bda02145efe703f4e1c01847a
      size: 91999
    - path: config/config.yaml
      md5: ac0f715b90c05cd01f754747768a5785
      size: 361
    - path: params.yaml
      md5: a111ed5cd3bfb056f8cebb25727d9fb0
      size: 104
    - path: src/stage_02_train_test_split.py
      md5: df1d7973aabf11c7378ea226bda57923
      size: 1751
    - path: src/utils/all_utils.py
      md5: 419c6da19ed34e9ca28b1db29c3dd24d
      size: 539
    params:
      params.yaml:
        base.random_state: 123
        base.test_size: 0.3
    outs:
    - path: artifacts/split_data_dir/test.csv
      md5: e3905d32a2c28106aa0c28de05f8efff
      size: 27690
    - path: artifacts/split_data_dir/train.csv
      md5: 54f7258ddb5a01b762407e767feda7d8
      size: 64455
  training_model:
    cmd: python src/stage_03_training.py --config=config/config.yaml --params=params.yaml
    deps:
    - path: artifacts/split_data_dir/train.csv
      md5: 54f7258ddb5a01b762407e767feda7d8
      size: 64455
    - path: config/config.yaml
      md5: ac0f715b90c05cd01f754747768a5785
      size: 361
    - path: src/stage_03_training.py
      md5: dc2ade734a912e2be29270c9112e8755
      size: 1681
    - path: src/utils/all_utils.py
      md5: 419c6da19ed34e9ca28b1db29c3dd24d
      size: 539
    params:
      params.yaml:
        base.random_state: 123
        model_params.ElasticNet.alpha: 0.5
        model_params.ElasticNet.l1_ratio: 0.5
    outs:
    - path: artifacts/model_dir/ElasticNet_v1.model
      md5: 1ea9b7636c9206aaed6c8001dc153998
      size: 1215
